
Microsoft Visual Studio Solution File, Format Version 12.00
# Visual Studio Version 17
VisualStudioVersion = 17.13.35806.99
MinimumVisualStudioVersion = 10.0.40219.1
Project("{FAE04EC0-301F-11D3-BF4B-00C04F79EFBC}") = "Exercicio1", "LIstaPOO2Bimestre\Exercicio1.csproj", "{588E9E01-6E8B-4756-A4F5-A81EC9E7E2EE}"
EndProject
Project("{FAE04EC0-301F-11D3-BF4B-00C04F79EFBC}") = "Exercicio2", "Exercicio2\Exercicio2.csproj", "{8080CADA-A580-4960-A8AE-83ABE56A7B3D}"
EndProject
Project("{FAE04EC0-301F-11D3-BF4B-00C04F79EFBC}") = "Exercicio3", "Exercicio3\Exercicio3.csproj", "{B803BBBF-49C6-4A59-9C7D-602DE7F43BB0}"
EndProject
Project("{FAE04EC0-301F-11D3-BF4B-00C04F79EFBC}") = "Exercicio5", "Exercicio4\Exercicio5.csproj", "{1C4251C9-08CD-46EB-9EDD-FB4E339A36F3}"
EndProject
Project("{FAE04EC0-301F-11D3-BF4B-00C04F79EFBC}") = "Exercicio4", "Exercicio5\Exercicio4.csproj", "{CCFCA2F2-B0FB-43BF-AD63-308094B3A4B2}"
EndProject
Global
	GlobalSection(SolutionConfigurationPlatforms) = preSolution
		Debug|Any CPU = Debug|Any CPU
		Release|Any CPU = Release|Any CPU
	EndGlobalSection
	GlobalSection(ProjectConfigurationPlatforms) = postSolution
		{588E9E01-6E8B-4756-A4F5-A81EC9E7E2EE}.Debug|Any CPU.ActiveCfg = Debug|Any CPU
		{588E9E01-6E8B-4756-A4F5-A81EC9E7E2EE}.Debug|Any CPU.Build.0 = Debug|Any CPU
		{588E9E01-6E8B-4756-A4F5-A81EC9E7E2EE}.Release|Any CPU.ActiveCfg = Release|Any CPU
		{588E9E01-6E8B-4756-A4F5-A81EC9E7E2EE}.Release|Any CPU.Build.0 = Release|Any CPU
		{8080CADA-A580-4960-A8AE-83ABE56A7B3D}.Debug|Any CPU.ActiveCfg = Debug|Any CPU
		{8080CADA-A580-4960-A8AE-83ABE56A7B3D}.Debug|Any CPU.Build.0 = Debug|Any CPU
		{8080CADA-A580-4960-A8AE-83ABE56A7B3D}.Release|Any CPU.ActiveCfg = Release|Any CPU
		{8080CADA-A580-4960-A8AE-83ABE56A7B3D}.Release|Any CPU.Build.0 = Release|Any CPU
		{B803BBBF-49C6-4A59-9C7D-602DE7F43BB0}.Debug|Any CPU.ActiveCfg = Debug|Any CPU
		{B803BBBF-49C6-4A59-9C7D-602DE7F43BB0}.Debug|Any CPU.Build.0 = Debug|Any CPU
		{B803BBBF-49C6-4A59-9C7D-602DE7F43BB0}.Release|Any CPU.ActiveCfg = Release|Any CPU
		{B803BBBF-49C6-4A59-9C7D-602DE7F43BB0}.Release|Any CPU.Build.0 = Release|Any CPU
		{1C4251C9-08CD-46EB-9EDD-FB4E339A36F3}.Debug|Any CPU.ActiveCfg = Debug|Any CPU
		{1C4251C9-08CD-46EB-9EDD-FB4E339A36F3}.Debug|Any CPU.Build.0 = Debug|Any CPU
		{1C4251C9-08CD-46EB-9EDD-FB4E339A36F3}.Release|Any CPU.ActiveCfg = Release|Any CPU
		{1C4251C9-08CD-46EB-9EDD-FB4E339A36F3}.Release|Any CPU.Build.0 = Release|Any CPU
		{CCFCA2F2-B0FB-43BF-AD63-308094B3A4B2}.Debug|Any CPU.ActiveCfg = Debug|Any CPU
		{CCFCA2F2-B0FB-43BF-AD63-308094B3A4B2}.Debug|Any CPU.Build.0 = Debug|Any CPU
		{CCFCA2F2-B0FB-43BF-AD63-308094B3A4B2}.Release|Any CPU.ActiveCfg = Release|Any CPU
		{CCFCA2F2-B0FB-43BF-AD63-308094B3A4B2}.Release|Any CPU.Build.0 = Release|Any CPU
	EndGlobalSection
	GlobalSection(SolutionProperties) = preSolution
		HideSolutionNode = FALSE
	EndGlobalSection
	GlobalSection(ExtensibilityGlobals) = postSolution
		SolutionGuid = {730460DB-204B-4D69-A5D3-06B85845D77E}
	EndGlobalSection
EndGlobal
